{
  "version": "3",
  "packages": {
    "specifiers": {
      "jsr:@std/cli@^0.224.7": "jsr:@std/cli@0.224.7",
      "jsr:@std/encoding@1.0.0-rc.2": "jsr:@std/encoding@1.0.0-rc.2",
      "jsr:@std/fmt@^0.225.4": "jsr:@std/fmt@0.225.4",
      "jsr:@std/http": "jsr:@std/http@0.224.5",
      "jsr:@std/media-types@^1.0.0-rc.1": "jsr:@std/media-types@1.0.0",
      "jsr:@std/net@^0.224.3": "jsr:@std/net@0.224.3",
      "jsr:@std/path@1.0.0-rc.2": "jsr:@std/path@1.0.0-rc.2",
      "jsr:@std/streams@^0.224.5": "jsr:@std/streams@0.224.5"
    },
    "jsr": {
      "@std/cli@0.224.7": {
        "integrity": "654ca6477518e5e3a0d3fabafb2789e92b8c0febf1a1d24ba4b567aba94b5977"
      },
      "@std/encoding@1.0.0-rc.2": {
        "integrity": "160d7674a20ebfbccdf610b3801fee91cf6e42d1c106dd46bbaf46e395cd35ef"
      },
      "@std/fmt@0.225.4": {
        "integrity": "584c681cf422b70e28959b57e59012823609c087384cbf12d05f67814797fda3"
      },
      "@std/http@0.224.5": {
        "integrity": "b03b5d1529f6c423badfb82f6640f9f2557b4034cd7c30655ba5bb447ff750a4",
        "dependencies": [
          "jsr:@std/cli@^0.224.7",
          "jsr:@std/encoding@1.0.0-rc.2",
          "jsr:@std/fmt@^0.225.4",
          "jsr:@std/media-types@^1.0.0-rc.1",
          "jsr:@std/net@^0.224.3",
          "jsr:@std/path@1.0.0-rc.2",
          "jsr:@std/streams@^0.224.5"
        ]
      },
      "@std/media-types@1.0.0": {
        "integrity": "58ff81ce1f7af8c46304a52482db804c42936492daad19c0bd5d887832737d2b"
      },
      "@std/net@0.224.3": {
        "integrity": "a6257b9a35a4f299a0a9d4a4b76aef1f90ad05572374c5267c6c51a2ec41dfba"
      },
      "@std/path@1.0.0-rc.2": {
        "integrity": "39f20d37a44d1867abac8d91c169359ea6e942237a45a99ee1e091b32b921c7d"
      },
      "@std/streams@0.224.5": {
        "integrity": "bcde7818dd5460d474cdbd674b15f6638b9cd73cd64e52bd852fba2bd4d8ec91"
      }
    }
  },
  "remote": {},
  "workspace": {
    "packageJson": {
      "dependencies": [
        "npm:@jsr/pnsk-lab__tunx",
        "npm:@sveltejs/vite-plugin-svelte@^3.1.1",
        "npm:@tsconfig/svelte@^5.0.4",
        "npm:@types/serviceworker@^0.0.88",
        "npm:autoprefixer@^10.4.19",
        "npm:postcss@^8.4.38",
        "npm:svelte-check@^3.8.1",
        "npm:svelte@^4.2.18",
        "npm:tailwindcss@^3.4.4",
        "npm:tslib@^2.6.3",
        "npm:typescript@^5.2.2",
        "npm:vite-plugin-pwa@^0.20.0",
        "npm:vite@^5.3.1"
      ]
    }
  }
}
